{
  "name": "bump-version",
  "version": "0.1.9",
  "lockfileVersion": 3,
  "requires": true,
  "packages": {
    "": {
      "name": "bump-version",
      "version": "0.1.9",
      "hasInstallScript": true,
      "license": "GPL-3.0",
      "bin": {
        "bump-major": "bin/bump.js",
        "bump-minor": "bin/bump.js",
        "bump-patch": "bin/bump.js",
        "bump-version": "bin/bump.js"
      },
      "devDependencies": {
        "bump-version": "github:dwaipayanray95/bump-version"
      },
      "engines": {
        "node": ">=10.0.0"
      }
    },
    "node_modules/bump-version": {
      "version": "0.1.9",
      "resolved": "git+ssh://git@github.com/dwaipayanray95/bump-version.git#b7e7db4972efe2c96f2c737e186ab6868302d81f",
      "dev": true,
      "hasInstallScript": true,
      "license": "GPL-3.0",
      "bin": {
        "bump-major": "bin/bump.js",
        "bump-minor": "bin/bump.js",
        "bump-patch": "bin/bump.js",
        "bump-version": "bin/bump.js"
      },
      "engines": {
        "node": ">=10.0.0"
      }
    }
  }
}
