{
  "name": "bump-version",
  "version": "0.1.3",
  "lockfileVersion": 3,
  "requires": true,
  "packages": {
    "": {
      "name": "bump-version",
      "version": "0.1.3",
      "hasInstallScript": true,
      "license": "GPL-3.0",
      "bin": {
        "bump-major": "bin/bump.js",
        "bump-minor": "bin/bump.js",
        "bump-patch": "bin/bump.js",
        "bump-version": "bin/bump.js"
      },
      "devDependencies": {
        "pubspec-version-bumper": "github:dwaipayanray95/bump-version"
      },
      "engines": {
        "node": ">=10.0.0"
      }
    },
    "node_modules/pubspec-version-bumper": {
      "version": "1.0.0",
      "resolved": "git+ssh://git@github.com/dwaipayanray95/bump-version.git#81aeb6ad7a706e8666a2176b79a2f5cd91d0aec8",
      "dev": true,
      "hasInstallScript": true,
      "license": "MIT",
      "bin": {
        "bump-major": "bin/bump.js",
        "bump-minor": "bin/bump.js",
        "bump-patch": "bin/bump.js",
        "bump-version": "bin/bump.js"
      },
      "engines": {
        "node": ">=10.0.0"
      }
    }
  }
}
